
Microsoft Visual Studio Solution File, Format Version 12.00
# Visual Studio Version 17
VisualStudioVersion = 17.14.36616.10 d17.14
MinimumVisualStudioVersion = 10.0.40219.1
Project("{FAE04EC0-301F-11D3-BF4B-00C04F79EFBC}") = "HelloMauiTrainer", "HelloMauiTrainer\HelloMauiTrainer.csproj", "{DEAF4AB8-F84C-4B14-B799-8588B0558FB6}"
EndProject
Project("{2150E333-8FDC-42A3-9474-1A3956D46DE8}") = "Lesson01_HelloCity", "Lesson01_HelloCity", "{02EA681E-C7D8-13C7-8484-4AC65E1B71E8}"
EndProject
Global
	GlobalSection(SolutionConfigurationPlatforms) = preSolution
		Debug|Any CPU = Debug|Any CPU
		Release|Any CPU = Release|Any CPU
	EndGlobalSection
	GlobalSection(ProjectConfigurationPlatforms) = postSolution
		{DEAF4AB8-F84C-4B14-B799-8588B0558FB6}.Debug|Any CPU.ActiveCfg = Debug|Any CPU
		{DEAF4AB8-F84C-4B14-B799-8588B0558FB6}.Debug|Any CPU.Build.0 = Debug|Any CPU
		{DEAF4AB8-F84C-4B14-B799-8588B0558FB6}.Debug|Any CPU.Deploy.0 = Debug|Any CPU
		{DEAF4AB8-F84C-4B14-B799-8588B0558FB6}.Release|Any CPU.ActiveCfg = Release|Any CPU
		{DEAF4AB8-F84C-4B14-B799-8588B0558FB6}.Release|Any CPU.Build.0 = Release|Any CPU
		{DEAF4AB8-F84C-4B14-B799-8588B0558FB6}.Release|Any CPU.Deploy.0 = Release|Any CPU
	EndGlobalSection
	GlobalSection(SolutionProperties) = preSolution
		HideSolutionNode = FALSE
	EndGlobalSection
	GlobalSection(NestedProjects) = preSolution
		{DEAF4AB8-F84C-4B14-B799-8588B0558FB6} = {02EA681E-C7D8-13C7-8484-4AC65E1B71E8}
	EndGlobalSection
	GlobalSection(ExtensibilityGlobals) = postSolution
		SolutionGuid = {618CC754-9DD2-453E-AA35-7F670538258C}
	EndGlobalSection
EndGlobal
